
Microsoft Visual Studio Solution File, Format Version 12.00
# Visual Studio Version 16
VisualStudioVersion = 16.0.31605.320
MinimumVisualStudioVersion = 10.0.40219.1
Project("{FAE04EC0-301F-11D3-BF4B-00C04F79EFBC}") = "NotesApp", "NotesApp\NotesApp.csproj", "{66F165D6-F628-463C-BF61-5605C499F2AB}"
EndProject
Global
	GlobalSection(SolutionConfigurationPlatforms) = preSolution
		Debug|Any CPU = Debug|Any CPU
		Release|Any CPU = Release|Any CPU
	EndGlobalSection
	GlobalSection(ProjectConfigurationPlatforms) = postSolution
		{66F165D6-F628-463C-BF61-5605C499F2AB}.Debug|Any CPU.ActiveCfg = Debug|Any CPU
		{66F165D6-F628-463C-BF61-5605C499F2AB}.Debug|Any CPU.Build.0 = Debug|Any CPU
		{66F165D6-F628-463C-BF61-5605C499F2AB}.Release|Any CPU.ActiveCfg = Release|Any CPU
		{66F165D6-F628-463C-BF61-5605C499F2AB}.Release|Any CPU.Build.0 = Release|Any CPU
	EndGlobalSection
	GlobalSection(SolutionProperties) = preSolution
		HideSolutionNode = FALSE
	EndGlobalSection
	GlobalSection(ExtensibilityGlobals) = postSolution
		SolutionGuid = {F16449AC-621D-4001-B31B-ACCF074969C2}
	EndGlobalSection
EndGlobal
